// !$*UTF8*$!
{
	archiveVersion = 1;
	classes = {
	};
	objectVersion = 56;
	objects = {

/* Begin PBXBuildFile section */
		9041FF762BF00FE3003C8B62 /* SodukoIphoneApp.swift in Sources */ = {isa = PBXBuildFile; fileRef = 9041FF752BF00FE3003C8B62 /* SodukoIphoneApp.swift */; };
		9041FF782BF00FE3003C8B62 /* ContentView.swift in Sources */ = {isa = PBXBuildFile; fileRef = 9041FF772BF00FE3003C8B62 /* ContentView.swift */; };
		9041FF7A2BF00FE8003C8B62 /* Assets.xcassets in Resources */ = {isa = PBXBuildFile; fileRef = 9041FF792BF00FE8003C8B62 /* Assets.xcassets */; };
		9041FF7D2BF00FE8003C8B62 /* Preview Assets.xcassets in Resources */ = {isa = PBXBuildFile; fileRef = 9041FF7C2BF00FE8003C8B62 /* Preview Assets.xcassets */; };
		9041FF872BF00FE8003C8B62 /* SodukoIphoneTests.swift in Sources */ = {isa = PBXBuildFile; fileRef = 9041FF862BF00FE8003C8B62 /* SodukoIphoneTests.swift */; };
		9041FF912BF00FE8003C8B62 /* SodukoIphoneUITests.swift in Sources */ = {isa = PBXBuildFile; fileRef = 9041FF902BF00FE8003C8B62 /* SodukoIphoneUITests.swift */; };
		9041FF932BF00FE8003C8B62 /* SodukoIphoneUITestsLaunchTests.swift in Sources */ = {isa = PBXBuildFile; fileRef = 9041FF922BF00FE8003C8B62 /* SodukoIphoneUITestsLaunchTests.swift */; };
/* End PBXBuildFile section */

/* Begin PBXContainerItemProxy section */
		9041FF832BF00FE8003C8B62 /* PBXContainerItemProxy */ = {
			isa = PBXContainerItemProxy;
			containerPortal = 9041FF6A2BF00FE3003C8B62 /* Project object */;
			proxyType = 1;
			remoteGlobalIDString = 9041FF712BF00FE3003C8B62;
			remoteInfo = SodukoIphone;
		};
		9041FF8D2BF00FE8003C8B62 /* PBXContainerItemProxy */ = {
			isa = PBXContainerItemProxy;
			containerPortal = 9041FF6A2BF00FE3003C8B62 /* Project object */;
			proxyType = 1;
			remoteGlobalIDString = 9041FF712BF00FE3003C8B62;
			remoteInfo = SodukoIphone;
		};
/* End PBXContainerItemProxy section */

/* Begin PBXFileReference section */
		9041FF722BF00FE3003C8B62 /* SodukoIphone.app */ = {isa = PBXFileReference; explicitFileType = wrapper.application; includeInIndex = 0; path = SodukoIphone.app; sourceTree = BUILT_PRODUCTS_DIR; };
		9041FF752BF00FE3003C8B62 /* SodukoIphoneApp.swift */ = {isa = PBXFileReference; lastKnownFileType = sourcecode.swift; path = SodukoIphoneApp.swift; sourceTree = "<group>"; };
		9041FF772BF00FE3003C8B62 /* ContentView.swift */ = {isa = PBXFileReference; lastKnownFileType = sourcecode.swift; path = ContentView.swift; sourceTree = "<group>"; };
		9041FF792BF00FE8003C8B62 /* Assets.xcassets */ = {isa = PBXFileReference; lastKnownFileType = folder.assetcatalog; path = Assets.xcassets; sourceTree = "<group>"; };
		9041FF7C2BF00FE8003C8B62 /* Preview Assets.xcassets */ = {isa = PBXFileReference; lastKnownFileType = folder.assetcatalog; path = "Preview Assets.xcassets"; sourceTree = "<group>"; };
		9041FF822BF00FE8003C8B62 /* SodukoIphoneTests.xctest */ = {isa = PBXFileReference; explicitFileType = wrapper.cfbundle; includeInIndex = 0; path = SodukoIphoneTests.xctest; sourceTree = BUILT_PRODUCTS_DIR; };
		9041FF862BF00FE8003C8B62 /* SodukoIphoneTests.swift */ = {isa = PBXFileReference; lastKnownFileType = sourcecode.swift; path = SodukoIphoneTests.swift; sourceTree = "<group>"; };
		9041FF8C2BF00FE8003C8B62 /* SodukoIphoneUITests.xctest */ = {isa = PBXFileReference; explicitFileType = wrapper.cfbundle; includeInIndex = 0; path = SodukoIphoneUITests.xctest; sourceTree = BUILT_PRODUCTS_DIR; };
		9041FF902BF00FE8003C8B62 /* SodukoIphoneUITests.swift */ = {isa = PBXFileReference; lastKnownFileType = sourcecode.swift; path = SodukoIphoneUITests.swift; sourceTree = "<group>"; };
		9041FF922BF00FE8003C8B62 /* SodukoIphoneUITestsLaunchTests.swift */ = {isa = PBXFileReference; lastKnownFileType = sourcecode.swift; path = SodukoIphoneUITestsLaunchTests.swift; sourceTree = "<group>"; };
/* End PBXFileReference section */

/* Begin PBXFrameworksBuildPhase section */
		9041FF6F2BF00FE3003C8B62 /* Frameworks */ = {
			isa = PBXFrameworksBuildPhase;
			buildActionMask = 2147483647;
			files = (
			);
			runOnlyForDeploymentPostprocessing = 0;
		};
		9041FF7F2BF00FE8003C8B62 /* Frameworks */ = {
			isa = PBXFrameworksBuildPhase;
			buildActionMask = 2147483647;
			files = (
			);
			runOnlyForDeploymentPostprocessing = 0;
		};
		9041FF892BF00FE8003C8B62 /* Frameworks */ = {
			isa = PBXFrameworksBuildPhase;
			buildActionMask = 2147483647;
			files = (
			);
			runOnlyForDeploymentPostprocessing = 0;
		};
/* End PBXFrameworksBuildPhase section */

/* Begin PBXGroup section */
		9041FF692BF00FE3003C8B62 = {
			isa = PBXGroup;
			children = (
				9041FF742BF00FE3003C8B62 /* SodukoIphone */,
				9041FF852BF00FE8003C8B62 /* SodukoIphoneTests */,
				9041FF8F2BF00FE8003C8B62 /* SodukoIphoneUITests */,
				9041FF732BF00FE3003C8B62 /* Products */,
			);
			sourceTree = "<group>";
		};
		9041FF732BF00FE3003C8B62 /* Products */ = {
			isa = PBXGroup;
			children = (
				9041FF722BF00FE3003C8B62 /* SodukoIphone.app */,
				9041FF822BF00FE8003C8B62 /* SodukoIphoneTests.xctest */,
				9041FF8C2BF00FE8003C8B62 /* SodukoIphoneUITests.xctest */,
			);
			name = Products;
			sourceTree = "<group>";
		};
		9041FF742BF00FE3003C8B62 /* SodukoIphone */ = {
			isa = PBXGroup;
			children = (
				9041FF752BF00FE3003C8B62 /* SodukoIphoneApp.swift */,
				9041FF772BF00FE3003C8B62 /* ContentView.swift */,
				9041FF792BF00FE8003C8B62 /* Assets.xcassets */,
				9041FF7B2BF00FE8003C8B62 /* Preview Content */,
			);
			path = SodukoIphone;
			sourceTree = "<group>";
		};
		9041FF7B2BF00FE8003C8B62 /* Preview Content */ = {
			isa = PBXGroup;
			children = (
				9041FF7C2BF00FE8003C8B62 /* Preview Assets.xcassets */,
			);
			path = "Preview Content";
			sourceTree = "<group>";
		};
		9041FF852BF00FE8003C8B62 /* SodukoIphoneTests */ = {
			isa = PBXGroup;
			children = (
				9041FF862BF00FE8003C8B62 /* SodukoIphoneTests.swift */,
			);
			path = SodukoIphoneTests;
			sourceTree = "<group>";
		};
		9041FF8F2BF00FE8003C8B62 /* SodukoIphoneUITests */ = {
			isa = PBXGroup;
			children = (
				9041FF902BF00FE8003C8B62 /* SodukoIphoneUITests.swift */,
				9041FF922BF00FE8003C8B62 /* SodukoIphoneUITestsLaunchTests.swift */,
			);
			path = SodukoIphoneUITests;
			sourceTree = "<group>";
		};
/* End PBXGroup section */

/* Begin PBXNativeTarget section */
		9041FF712BF00FE3003C8B62 /* SodukoIphone */ = {
			isa = PBXNativeTarget;
			buildConfigurationList = 9041FF962BF00FE8003C8B62 /* Build configuration list for PBXNativeTarget "SodukoIphone" */;
			buildPhases = (
				9041FF6E2BF00FE3003C8B62 /* Sources */,
				9041FF6F2BF00FE3003C8B62 /* Frameworks */,
				9041FF702BF00FE3003C8B62 /* Resources */,
			);
			buildRules = (
			);
			dependencies = (
			);
			name = SodukoIphone;
			productName = SodukoIphone;
			productReference = 9041FF722BF00FE3003C8B62 /* SodukoIphone.app */;
			productType = "com.apple.product-type.application";
		};
		9041FF812BF00FE8003C8B62 /* SodukoIphoneTests */ = {
			isa = PBXNativeTarget;
			buildConfigurationList = 9041FF992BF00FE8003C8B62 /* Build configuration list for PBXNativeTarget "SodukoIphoneTests" */;
			buildPhases = (
				9041FF7E2BF00FE8003C8B62 /* Sources */,
				9041FF7F2BF00FE8003C8B62 /* Frameworks */,
				9041FF802BF00FE8003C8B62 /* Resources */,
			);
			buildRules = (
			);
			dependencies = (
				9041FF842BF00FE8003C8B62 /* PBXTargetDependency */,
			);
			name = SodukoIphoneTests;
			productName = SodukoIphoneTests;
			productReference = 9041FF822BF00FE8003C8B62 /* SodukoIphoneTests.xctest */;
			productType = "com.apple.product-type.bundle.unit-test";
		};
		9041FF8B2BF00FE8003C8B62 /* SodukoIphoneUITests */ = {
			isa = PBXNativeTarget;
			buildConfigurationList = 9041FF9C2BF00FE8003C8B62 /* Build configuration list for PBXNativeTarget "SodukoIphoneUITests" */;
			buildPhases = (
				9041FF882BF00FE8003C8B62 /* Sources */,
				9041FF892BF00FE8003C8B62 /* Frameworks */,
				9041FF8A2BF00FE8003C8B62 /* Resources */,
			);
			buildRules = (
			);
			dependencies = (
				9041FF8E2BF00FE8003C8B62 /* PBXTargetDependency */,
			);
			name = SodukoIphoneUITests;
			productName = SodukoIphoneUITests;
			productReference = 9041FF8C2BF00FE8003C8B62 /* SodukoIphoneUITests.xctest */;
			productType = "com.apple.product-type.bundle.ui-testing";
		};
/* End PBXNativeTarget section */

/* Begin PBXProject section */
		9041FF6A2BF00FE3003C8B62 /* Project object */ = {
			isa = PBXProject;
			attributes = {
				BuildIndependentTargetsInParallel = 1;
				LastSwiftUpdateCheck = 1530;
				LastUpgradeCheck = 1530;
				TargetAttributes = {
					9041FF712BF00FE3003C8B62 = {
						CreatedOnToolsVersion = 15.3;
					};
					9041FF812BF00FE8003C8B62 = {
						CreatedOnToolsVersion = 15.3;
						TestTargetID = 9041FF712BF00FE3003C8B62;
					};
					9041FF8B2BF00FE8003C8B62 = {
						CreatedOnToolsVersion = 15.3;
						TestTargetID = 9041FF712BF00FE3003C8B62;
					};
				};
			};
			buildConfigurationList = 9041FF6D2BF00FE3003C8B62 /* Build configuration list for PBXProject "SodukoIphone" */;
			compatibilityVersion = "Xcode 14.0";
			developmentRegion = en;
			hasScannedForEncodings = 0;
			knownRegions = (
				en,
				Base,
			);
			mainGroup = 9041FF692BF00FE3003C8B62;
			productRefGroup = 9041FF732BF00FE3003C8B62 /* Products */;
			projectDirPath = "";
			projectRoot = "";
			targets = (
				9041FF712BF00FE3003C8B62 /* SodukoIphone */,
				9041FF812BF00FE8003C8B62 /* SodukoIphoneTests */,
				9041FF8B2BF00FE8003C8B62 /* SodukoIphoneUITests */,
			);
		};
/* End PBXProject section */

/* Begin PBXResourcesBuildPhase section */
		9041FF702BF00FE3003C8B62 /* Resources */ = {
			isa = PBXResourcesBuildPhase;
			buildActionMask = 2147483647;
			files = (
				9041FF7D2BF00FE8003C8B62 /* Preview Assets.xcassets in Resources */,
				9041FF7A2BF00FE8003C8B62 /* Assets.xcassets in Resources */,
			);
			runOnlyForDeploymentPostprocessing = 0;
		};
		9041FF802BF00FE8003C8B62 /* Resources */ = {
			isa = PBXResourcesBuildPhase;
			buildActionMask = 2147483647;
			files = (
			);
			runOnlyForDeploymentPostprocessing = 0;
		};
		9041FF8A2BF00FE8003C8B62 /* Resources */ = {
			isa = PBXResourcesBuildPhase;
			buildActionMask = 2147483647;
			files = (
			);
			runOnlyForDeploymentPostprocessing = 0;
		};
/* End PBXResourcesBuildPhase section */

/* Begin PBXSourcesBuildPhase section */
		9041FF6E2BF00FE3003C8B62 /* Sources */ = {
			isa = PBXSourcesBuildPhase;
			buildActionMask = 2147483647;
			files = (
				9041FF782BF00FE3003C8B62 /* ContentView.swift in Sources */,
				9041FF762BF00FE3003C8B62 /* SodukoIphoneApp.swift in Sources */,
			);
			runOnlyForDeploymentPostprocessing = 0;
		};
		9041FF7E2BF00FE8003C8B62 /* Sources */ = {
			isa = PBXSourcesBuildPhase;
			buildActionMask = 2147483647;
			files = (
				9041FF872BF00FE8003C8B62 /* SodukoIphoneTests.swift in Sources */,
			);
			runOnlyForDeploymentPostprocessing = 0;
		};
		9041FF882BF00FE8003C8B62 /* Sources */ = {
			isa = PBXSourcesBuildPhase;
			buildActionMask = 2147483647;
			files = (
				9041FF932BF00FE8003C8B62 /* SodukoIphoneUITestsLaunchTests.swift in Sources */,
				9041FF912BF00FE8003C8B62 /* SodukoIphoneUITests.swift in Sources */,
			);
			runOnlyForDeploymentPostprocessing = 0;
		};
/* End PBXSourcesBuildPhase section */

/* Begin PBXTargetDependency section */
		9041FF842BF00FE8003C8B62 /* PBXTargetDependency */ = {
			isa = PBXTargetDependency;
			target = 9041FF712BF00FE3003C8B62 /* SodukoIphone */;
			targetProxy = 9041FF832BF00FE8003C8B62 /* PBXContainerItemProxy */;
		};
		9041FF8E2BF00FE8003C8B62 /* PBXTargetDependency */ = {
			isa = PBXTargetDependency;
			target = 9041FF712BF00FE3003C8B62 /* SodukoIphone */;
			targetProxy = 9041FF8D2BF00FE8003C8B62 /* PBXContainerItemProxy */;
		};
/* End PBXTargetDependency section */

/* Begin XCBuildConfiguration section */
		9041FF942BF00FE8003C8B62 /* Debug */ = {
			isa = XCBuildConfiguration;
			buildSettings = {
				ALWAYS_SEARCH_USER_PATHS = NO;
				ASSETCATALOG_COMPILER_GENERATE_SWIFT_ASSET_SYMBOL_EXTENSIONS = YES;
				CLANG_ANALYZER_NONNULL = YES;
				CLANG_ANALYZER_NUMBER_OBJECT_CONVERSION = YES_AGGRESSIVE;
				CLANG_CXX_LANGUAGE_STANDARD = "gnu++20";
				CLANG_ENABLE_MODULES = YES;
				CLANG_ENABLE_OBJC_ARC = YES;
				CLANG_ENABLE_OBJC_WEAK = YES;
				CLANG_WARN_BLOCK_CAPTURE_AUTORELEASING = YES;
				CLANG_WARN_BOOL_CONVERSION = YES;
				CLANG_WARN_COMMA = YES;
				CLANG_WARN_CONSTANT_CONVERSION = YES;
				CLANG_WARN_DEPRECATED_OBJC_IMPLEMENTATIONS = YES;
				CLANG_WARN_DIRECT_OBJC_ISA_USAGE = YES_ERROR;
				CLANG_WARN_DOCUMENTATION_COMMENTS = YES;
				CLANG_WARN_EMPTY_BODY = YES;
				CLANG_WARN_ENUM_CONVERSION = YES;
				CLANG_WARN_INFINITE_RECURSION = YES;
				CLANG_WARN_INT_CONVERSION = YES;
				CLANG_WARN_NON_LITERAL_NULL_CONVERSION = YES;
				CLANG_WARN_OBJC_IMPLICIT_RETAIN_SELF = YES;
				CLANG_WARN_OBJC_LITERAL_CONVERSION = YES;
				CLANG_WARN_OBJC_ROOT_CLASS = YES_ERROR;
				CLANG_WARN_QUOTED_INCLUDE_IN_FRAMEWORK_HEADER = YES;
				CLANG_WARN_RANGE_LOOP_ANALYSIS = YES;
				CLANG_WARN_STRICT_PROTOTYPES = YES;
				CLANG_WARN_SUSPICIOUS_MOVE = YES;
				CLANG_WARN_UNGUARDED_AVAILABILITY = YES_AGGRESSIVE;
				CLANG_WARN_UNREACHABLE_CODE = YES;
				CLANG_WARN__DUPLICATE_METHOD_MATCH = YES;
				COPY_PHASE_STRIP = NO;
				DEBUG_INFORMATION_FORMAT = dwarf;
				ENABLE_STRICT_OBJC_MSGSEND = YES;
				ENABLE_TESTABILITY = YES;
				ENABLE_USER_SCRIPT_SANDBOXING = YES;
				GCC_C_LANGUAGE_STANDARD = gnu17;
				GCC_DYNAMIC_NO_PIC = NO;
				GCC_NO_COMMON_BLOCKS = YES;
				GCC_OPTIMIZATION_LEVEL = 0;
				GCC_PREPROCESSOR_DEFINITIONS = (
					"DEBUG=1",
					"$(inherited)",
				);
				GCC_WARN_64_TO_32_BIT_CONVERSION = YES;
				GCC_WARN_ABOUT_RETURN_TYPE = YES_ERROR;
				GCC_WARN_UNDECLARED_SELECTOR = YES;
				GCC_WARN_UNINITIALIZED_AUTOS = YES_AGGRESSIVE;
				GCC_WARN_UNUSED_FUNCTION = YES;
				GCC_WARN_UNUSED_VARIABLE = YES;
				IPHONEOS_DEPLOYMENT_TARGET = 17.4;
				LOCALIZATION_PREFERS_STRING_CATALOGS = YES;
				MTL_ENABLE_DEBUG_INFO = INCLUDE_SOURCE;
				MTL_FAST_MATH = YES;
				ONLY_ACTIVE_ARCH = YES;
				SDKROOT = iphoneos;
				SWIFT_ACTIVE_COMPILATION_CONDITIONS = "DEBUG $(inherited)";
				SWIFT_OPTIMIZATION_LEVEL = "-Onone";
			};
			name = Debug;
		};
		9041FF952BF00FE8003C8B62 /* Release */ = {
			isa = XCBuildConfiguration;
			buildSettings = {
				ALWAYS_SEARCH_USER_PATHS = NO;
				ASSETCATALOG_COMPILER_GENERATE_SWIFT_ASSET_SYMBOL_EXTENSIONS = YES;
				CLANG_ANALYZER_NONNULL = YES;
				CLANG_ANALYZER_NUMBER_OBJECT_CONVERSION = YES_AGGRESSIVE;
				CLANG_CXX_LANGUAGE_STANDARD = "gnu++20";
				CLANG_ENABLE_MODULES = YES;
				CLANG_ENABLE_OBJC_ARC = YES;
				CLANG_ENABLE_OBJC_WEAK = YES;
				CLANG_WARN_BLOCK_CAPTURE_AUTORELEASING = YES;
				CLANG_WARN_BOOL_CONVERSION = YES;
				CLANG_WARN_COMMA = YES;
				CLANG_WARN_CONSTANT_CONVERSION = YES;
				CLANG_WARN_DEPRECATED_OBJC_IMPLEMENTATIONS = YES;
				CLANG_WARN_DIRECT_OBJC_ISA_USAGE = YES_ERROR;
				CLANG_WARN_DOCUMENTATION_COMMENTS = YES;
				CLANG_WARN_EMPTY_BODY = YES;
				CLANG_WARN_ENUM_CONVERSION = YES;
				CLANG_WARN_INFINITE_RECURSION = YES;
				CLANG_WARN_INT_CONVERSION = YES;
				CLANG_WARN_NON_LITERAL_NULL_CONVERSION = YES;
				CLANG_WARN_OBJC_IMPLICIT_RETAIN_SELF = YES;
				CLANG_WARN_OBJC_LITERAL_CONVERSION = YES;
				CLANG_WARN_OBJC_ROOT_CLASS = YES_ERROR;
				CLANG_WARN_QUOTED_INCLUDE_IN_FRAMEWORK_HEADER = YES;
				CLANG_WARN_RANGE_LOOP_ANALYSIS = YES;
				CLANG_WARN_STRICT_PROTOTYPES = YES;
				CLANG_WARN_SUSPICIOUS_MOVE = YES;
				CLANG_WARN_UNGUARDED_AVAILABILITY = YES_AGGRESSIVE;
				CLANG_WARN_UNREACHABLE_CODE = YES;
				CLANG_WARN__DUPLICATE_METHOD_MATCH = YES;
				COPY_PHASE_STRIP = NO;
				DEBUG_INFORMATION_FORMAT = "dwarf-with-dsym";
				ENABLE_NS_ASSERTIONS = NO;
				ENABLE_STRICT_OBJC_MSGSEND = YES;
				ENABLE_USER_SCRIPT_SANDBOXING = YES;
				GCC_C_LANGUAGE_STANDARD = gnu17;
				GCC_NO_COMMON_BLOCKS = YES;
				GCC_WARN_64_TO_32_BIT_CONVERSION = YES;
				GCC_WARN_ABOUT_RETURN_TYPE = YES_ERROR;
				GCC_WARN_UNDECLARED_SELECTOR = YES;
				GCC_WARN_UNINITIALIZED_AUTOS = YES_AGGRESSIVE;
				GCC_WARN_UNUSED_FUNCTION = YES;
				GCC_WARN_UNUSED_VARIABLE = YES;
				IPHONEOS_DEPLOYMENT_TARGET = 17.4;
				LOCALIZATION_PREFERS_STRING_CATALOGS = YES;
				MTL_ENABLE_DEBUG_INFO = NO;
				MTL_FAST_MATH = YES;
				SDKROOT = iphoneos;
				SWIFT_COMPILATION_MODE = wholemodule;
				VALIDATE_PRODUCT = YES;
			};
			name = Release;
		};
		9041FF972BF00FE8003C8B62 /* Debug */ = {
			isa = XCBuildConfiguration;
			buildSettings = {
				ASSETCATALOG_COMPILER_APPICON_NAME = AppIcon;
				ASSETCATALOG_COMPILER_GLOBAL_ACCENT_COLOR_NAME = AccentColor;
				CODE_SIGN_STYLE = Automatic;
				CURRENT_PROJECT_VERSION = 1;
				DEVELOPMENT_ASSET_PATHS = "\"SodukoIphone/Preview Content\"";
				DEVELOPMENT_TEAM = 4FN6U9B2Q9;
				ENABLE_PREVIEWS = YES;
				GENERATE_INFOPLIST_FILE = YES;
				INFOPLIST_KEY_UIApplicationSceneManifest_Generation = YES;
				INFOPLIST_KEY_UIApplicationSupportsIndirectInputEvents = YES;
				INFOPLIST_KEY_UILaunchScreen_Generation = YES;
				INFOPLIST_KEY_UISupportedInterfaceOrientations_iPad = "UIInterfaceOrientationPortrait UIInterfaceOrientationPortraitUpsideDown UIInterfaceOrientationLandscapeLeft UIInterfaceOrientationLandscapeRight";
				INFOPLIST_KEY_UISupportedInterfaceOrientations_iPhone = "UIInterfaceOrientationPortrait UIInterfaceOrientationLandscapeLeft UIInterfaceOrientationLandscapeRight";
				LD_RUNPATH_SEARCH_PATHS = (
					"$(inherited)",
					"@executable_path/Frameworks",
				);
				MARKETING_VERSION = 1.0;
				PRODUCT_BUNDLE_IDENTIFIER = stuff.SodukoIphone;
				PRODUCT_NAME = "$(TARGET_NAME)";
				SWIFT_EMIT_LOC_STRINGS = YES;
				SWIFT_VERSION = 5.0;
				TARGETED_DEVICE_FAMILY = "1,2";
			};
			name = Debug;
		};
		9041FF982BF00FE8003C8B62 /* Release */ = {
			isa = XCBuildConfiguration;
			buildSettings = {
				ASSETCATALOG_COMPILER_APPICON_NAME = AppIcon;
				ASSETCATALOG_COMPILER_GLOBAL_ACCENT_COLOR_NAME = AccentColor;
				CODE_SIGN_STYLE = Automatic;
				CURRENT_PROJECT_VERSION = 1;
				DEVELOPMENT_ASSET_PATHS = "\"SodukoIphone/Preview Content\"";
				DEVELOPMENT_TEAM = 4FN6U9B2Q9;
				ENABLE_PREVIEWS = YES;
				GENERATE_INFOPLIST_FILE = YES;
				INFOPLIST_KEY_UIApplicationSceneManifest_Generation = YES;
				INFOPLIST_KEY_UIApplicationSupportsIndirectInputEvents = YES;
				INFOPLIST_KEY_UILaunchScreen_Generation = YES;
				INFOPLIST_KEY_UISupportedInterfaceOrientations_iPad = "UIInterfaceOrientationPortrait UIInterfaceOrientationPortraitUpsideDown UIInterfaceOrientationLandscapeLeft UIInterfaceOrientationLandscapeRight";
				INFOPLIST_KEY_UISupportedInterfaceOrientations_iPhone = "UIInterfaceOrientationPortrait UIInterfaceOrientationLandscapeLeft UIInterfaceOrientationLandscapeRight";
				LD_RUNPATH_SEARCH_PATHS = (
					"$(inherited)",
					"@executable_path/Frameworks",
				);
				MARKETING_VERSION = 1.0;
				PRODUCT_BUNDLE_IDENTIFIER = stuff.SodukoIphone;
				PRODUCT_NAME = "$(TARGET_NAME)";
				SWIFT_EMIT_LOC_STRINGS = YES;
				SWIFT_VERSION = 5.0;
				TARGETED_DEVICE_FAMILY = "1,2";
			};
			name = Release;
		};
		9041FF9A2BF00FE8003C8B62 /* Debug */ = {
			isa = XCBuildConfiguration;
			buildSettings = {
				ALWAYS_EMBED_SWIFT_STANDARD_LIBRARIES = YES;
				BUNDLE_LOADER = "$(TEST_HOST)";
				CODE_SIGN_STYLE = Automatic;
				CURRENT_PROJECT_VERSION = 1;
				DEVELOPMENT_TEAM = 4FN6U9B2Q9;
				GENERATE_INFOPLIST_FILE = YES;
				IPHONEOS_DEPLOYMENT_TARGET = 17.4;
				MARKETING_VERSION = 1.0;
				PRODUCT_BUNDLE_IDENTIFIER = stuff.SodukoIphoneTests;
				PRODUCT_NAME = "$(TARGET_NAME)";
				SWIFT_EMIT_LOC_STRINGS = NO;
				SWIFT_VERSION = 5.0;
				TARGETED_DEVICE_FAMILY = "1,2";
				TEST_HOST = "$(BUILT_PRODUCTS_DIR)/SodukoIphone.app/$(BUNDLE_EXECUTABLE_FOLDER_PATH)/SodukoIphone";
			};
			name = Debug;
		};
		9041FF9B2BF00FE8003C8B62 /* Release */ = {
			isa = XCBuildConfiguration;
			buildSettings = {
				ALWAYS_EMBED_SWIFT_STANDARD_LIBRARIES = YES;
				BUNDLE_LOADER = "$(TEST_HOST)";
				CODE_SIGN_STYLE = Automatic;
				CURRENT_PROJECT_VERSION = 1;
				DEVELOPMENT_TEAM = 4FN6U9B2Q9;
				GENERATE_INFOPLIST_FILE = YES;
				IPHONEOS_DEPLOYMENT_TARGET = 17.4;
				MARKETING_VERSION = 1.0;
				PRODUCT_BUNDLE_IDENTIFIER = stuff.SodukoIphoneTests;
				PRODUCT_NAME = "$(TARGET_NAME)";
				SWIFT_EMIT_LOC_STRINGS = NO;
				SWIFT_VERSION = 5.0;
				TARGETED_DEVICE_FAMILY = "1,2";
				TEST_HOST = "$(BUILT_PRODUCTS_DIR)/SodukoIphone.app/$(BUNDLE_EXECUTABLE_FOLDER_PATH)/SodukoIphone";
			};
			name = Release;
		};
		9041FF9D2BF00FE8003C8B62 /* Debug */ = {
			isa = XCBuildConfiguration;
			buildSettings = {
				ALWAYS_EMBED_SWIFT_STANDARD_LIBRARIES = YES;
				CODE_SIGN_STYLE = Automatic;
				CURRENT_PROJECT_VERSION = 1;
				DEVELOPMENT_TEAM = 4FN6U9B2Q9;
				GENERATE_INFOPLIST_FILE = YES;
				MARKETING_VERSION = 1.0;
				PRODUCT_BUNDLE_IDENTIFIER = stuff.SodukoIphoneUITests;
				PRODUCT_NAME = "$(TARGET_NAME)";
				SWIFT_EMIT_LOC_STRINGS = NO;
				SWIFT_VERSION = 5.0;
				TARGETED_DEVICE_FAMILY = "1,2";
				TEST_TARGET_NAME = SodukoIphone;
			};
			name = Debug;
		};
		9041FF9E2BF00FE8003C8B62 /* Release */ = {
			isa = XCBuildConfiguration;
			buildSettings = {
				ALWAYS_EMBED_SWIFT_STANDARD_LIBRARIES = YES;
				CODE_SIGN_STYLE = Automatic;
				CURRENT_PROJECT_VERSION = 1;
				DEVELOPMENT_TEAM = 4FN6U9B2Q9;
				GENERATE_INFOPLIST_FILE = YES;
				MARKETING_VERSION = 1.0;
				PRODUCT_BUNDLE_IDENTIFIER = stuff.SodukoIphoneUITests;
				PRODUCT_NAME = "$(TARGET_NAME)";
				SWIFT_EMIT_LOC_STRINGS = NO;
				SWIFT_VERSION = 5.0;
				TARGETED_DEVICE_FAMILY = "1,2";
				TEST_TARGET_NAME = SodukoIphone;
			};
			name = Release;
		};
/* End XCBuildConfiguration section */

/* Begin XCConfigurationList section */
		9041FF6D2BF00FE3003C8B62 /* Build configuration list for PBXProject "SodukoIphone" */ = {
			isa = XCConfigurationList;
			buildConfigurations = (
				9041FF942BF00FE8003C8B62 /* Debug */,
				9041FF952BF00FE8003C8B62 /* Release */,
			);
			defaultConfigurationIsVisible = 0;
			defaultConfigurationName = Release;
		};
		9041FF962BF00FE8003C8B62 /* Build configuration list for PBXNativeTarget "SodukoIphone" */ = {
			isa = XCConfigurationList;
			buildConfigurations = (
				9041FF972BF00FE8003C8B62 /* Debug */,
				9041FF982BF00FE8003C8B62 /* Release */,
			);
			defaultConfigurationIsVisible = 0;
			defaultConfigurationName = Release;
		};
		9041FF992BF00FE8003C8B62 /* Build configuration list for PBXNativeTarget "SodukoIphoneTests" */ = {
			isa = XCConfigurationList;
			buildConfigurations = (
				9041FF9A2BF00FE8003C8B62 /* Debug */,
				9041FF9B2BF00FE8003C8B62 /* Release */,
			);
			defaultConfigurationIsVisible = 0;
			defaultConfigurationName = Release;
		};
		9041FF9C2BF00FE8003C8B62 /* Build configuration list for PBXNativeTarget "SodukoIphoneUITests" */ = {
			isa = XCConfigurationList;
			buildConfigurations = (
				9041FF9D2BF00FE8003C8B62 /* Debug */,
				9041FF9E2BF00FE8003C8B62 /* Release */,
			);
			defaultConfigurationIsVisible = 0;
			defaultConfigurationName = Release;
		};
/* End XCConfigurationList section */
	};
	rootObject = 9041FF6A2BF00FE3003C8B62 /* Project object */;
}
